
Microsoft Visual Studio Solution File, Format Version 12.00
# Visual Studio 15
VisualStudioVersion = 15.0.27130.2020
MinimumVisualStudioVersion = 10.0.40219.1
Project("{FAE04EC0-301F-11D3-BF4B-00C04F79EFBC}") = "TimeZoneOffsetConverter", "TimeZoneOffsetConverter\TimeZoneOffsetConverter.csproj", "{0827EAD7-70D6-4C29-A072-B8F2226C8A40}"
EndProject
Global
	GlobalSection(SolutionConfigurationPlatforms) = preSolution
		Debug|Any CPU = Debug|Any CPU
		Release|Any CPU = Release|Any CPU
	EndGlobalSection
	GlobalSection(ProjectConfigurationPlatforms) = postSolution
		{0827EAD7-70D6-4C29-A072-B8F2226C8A40}.Debug|Any CPU.ActiveCfg = Debug|Any CPU
		{0827EAD7-70D6-4C29-A072-B8F2226C8A40}.Debug|Any CPU.Build.0 = Debug|Any CPU
		{0827EAD7-70D6-4C29-A072-B8F2226C8A40}.Release|Any CPU.ActiveCfg = Release|Any CPU
		{0827EAD7-70D6-4C29-A072-B8F2226C8A40}.Release|Any CPU.Build.0 = Release|Any CPU
	EndGlobalSection
	GlobalSection(SolutionProperties) = preSolution
		HideSolutionNode = FALSE
	EndGlobalSection
	GlobalSection(ExtensibilityGlobals) = postSolution
		SolutionGuid = {EA63BB12-B0E9-4551-93A9-7C42330438E3}
	EndGlobalSection
EndGlobal
